// !$*UTF8*$!
{
	archiveVersion = 1;
	classes = {
	};
	objectVersion = 77;
	objects = {

/* Begin PBXBuildFile section */
		960B2DB92FB2571800C84017 /* WaterSaltYeastStepView.swift in Sources */ = {isa = PBXBuildFile; fileRef = 960B2DB82FB2571800C84017 /* WaterSaltYeastStepView.swift */; };
		960B2DBC2FB2B0B800C84017 /* SavedProcess.swift in Sources */ = {isa = PBXBuildFile; fileRef = 960B2DBB2FB2B0B800C84017 /* SavedProcess.swift */; };
		960B2DBD2FB2B0B800C84017 /* SavedPreferment.swift in Sources */ = {isa = PBXBuildFile; fileRef = 960B2DBA2FB2B0B800C84017 /* SavedPreferment.swift */; };
		960B2DBF2FB2B0CB00C84017 /* StandaloneBuilders.swift in Sources */ = {isa = PBXBuildFile; fileRef = 960B2DBE2FB2B0CB00C84017 /* StandaloneBuilders.swift */; };
		962A5E9B2FB0EF51008C0EF5 /* ImpastoApp.swift in Sources */ = {isa = PBXBuildFile; fileRef = 962A5E9A2FB0EF51008C0EF5 /* ImpastoApp.swift */; };
		962A5E9C2FB0F07C008C0EF5 /* RecipeStore.swift in Sources */ = {isa = PBXBuildFile; fileRef = 962A5E862FB0EE37008C0EF5 /* RecipeStore.swift */; };
		962A5E9D2FB0F082008C0EF5 /* SessionViewModel.swift in Sources */ = {isa = PBXBuildFile; fileRef = 962A5E872FB0EE37008C0EF5 /* SessionViewModel.swift */; };
		962A5E9E2FB0F08B008C0EF5 /* ImpastoStyle.swift in Sources */ = {isa = PBXBuildFile; fileRef = 962A5E992FB0EE90008C0EF5 /* ImpastoStyle.swift */; };
		962A5E9F2FB0F091008C0EF5 /* HistoryView.swift in Sources */ = {isa = PBXBuildFile; fileRef = 962A5E882FB0EE52008C0EF5 /* HistoryView.swift */; };
		962A5EA02FB0F097008C0EF5 /* HomeView.swift in Sources */ = {isa = PBXBuildFile; fileRef = 962A5E892FB0EE52008C0EF5 /* HomeView.swift */; };
		962A5EA12FB0F09E008C0EF5 /* LibraryView.swift in Sources */ = {isa = PBXBuildFile; fileRef = 962A5E8A2FB0EE52008C0EF5 /* LibraryView.swift */; };
		962A5EA22FB0F0A4008C0EF5 /* LiveSessionView.swift in Sources */ = {isa = PBXBuildFile; fileRef = 962A5E8B2FB0EE52008C0EF5 /* LiveSessionView.swift */; };
		962A5EA32FB0F0A9008C0EF5 /* MainTabView.swift in Sources */ = {isa = PBXBuildFile; fileRef = 962A5E8C2FB0EE52008C0EF5 /* MainTabView.swift */; };
		962A5EA42FB0F0AF008C0EF5 /* PreFlightView.swift in Sources */ = {isa = PBXBuildFile; fileRef = 962A5E8D2FB0EE52008C0EF5 /* PreFlightView.swift */; };
		962A5EA52FB0F0DB008C0EF5 /* RecipeDetailView.swift in Sources */ = {isa = PBXBuildFile; fileRef = 962A5E8E2FB0EE52008C0EF5 /* RecipeDetailView.swift */; };
		962A5EA62FB0F0E1008C0EF5 /* SessionLogView.swift in Sources */ = {isa = PBXBuildFile; fileRef = 962A5E8F2FB0EE52008C0EF5 /* SessionLogView.swift */; };
		962A5EA72FB0F0E6008C0EF5 /* ConfirmStepView.swift in Sources */ = {isa = PBXBuildFile; fileRef = 962A5E902FB0EE74008C0EF5 /* ConfirmStepView.swift */; };
		962A5EA82FB0F0EC008C0EF5 /* FlourStepView.swift in Sources */ = {isa = PBXBuildFile; fileRef = 962A5E912FB0EE74008C0EF5 /* FlourStepView.swift */; };
		962A5EA92FB0F0F0008C0EF5 /* MethodStepView.swift in Sources */ = {isa = PBXBuildFile; fileRef = 962A5E922FB0EE74008C0EF5 /* MethodStepView.swift */; };
		962A5EAA2FB0F0F5008C0EF5 /* StyleStepView.swift in Sources */ = {isa = PBXBuildFile; fileRef = 962A5E932FB0EE74008C0EF5 /* StyleStepView.swift */; };
		962A5EAB2FB0F0FB008C0EF5 /* TargetStepView.swift in Sources */ = {isa = PBXBuildFile; fileRef = 962A5E942FB0EE74008C0EF5 /* TargetStepView.swift */; };
		962A5EAC2FB0F100008C0EF5 /* TechniqueStepView.swift in Sources */ = {isa = PBXBuildFile; fileRef = 962A5E952FB0EE74008C0EF5 /* TechniqueStepView.swift */; };
		962A5EAD2FB0F105008C0EF5 /* TimelineStepView.swift in Sources */ = {isa = PBXBuildFile; fileRef = 962A5E962FB0EE74008C0EF5 /* TimelineStepView.swift */; };
		962A5EAE2FB0F137008C0EF5 /* WizardContainerView.swift in Sources */ = {isa = PBXBuildFile; fileRef = 962A5E972FB0EE74008C0EF5 /* WizardContainerView.swift */; };
		962A5EAF2FB0F15C008C0EF5 /* WizardProgressView.swift in Sources */ = {isa = PBXBuildFile; fileRef = 962A5E982FB0EE74008C0EF5 /* WizardProgressView.swift */; };
		962A5EB02FB0F166008C0EF5 /* BakeLog.swift in Sources */ = {isa = PBXBuildFile; fileRef = 962A5E822FB0EE14008C0EF5 /* BakeLog.swift */; };
		962A5EB12FB0F16B008C0EF5 /* PreFlightData.swift in Sources */ = {isa = PBXBuildFile; fileRef = 962A5E832FB0EE14008C0EF5 /* PreFlightData.swift */; };
		962A5EB22FB0F171008C0EF5 /* Recipe.swift in Sources */ = {isa = PBXBuildFile; fileRef = 962A5E842FB0EE14008C0EF5 /* Recipe.swift */; };
		962A5EB32FB0F177008C0EF5 /* SessionStage.swift in Sources */ = {isa = PBXBuildFile; fileRef = 962A5E852FB0EE14008C0EF5 /* SessionStage.swift */; };
		9670CAEB2FBC25D0009EE043 /* ImportRecipeView.swift in Sources */ = {isa = PBXBuildFile; fileRef = 9670CAEA2FBC25D0009EE043 /* ImportRecipeView.swift */; };
		9685C23E2FB3997A00DE9E30 /* SessionManager.swift in Sources */ = {isa = PBXBuildFile; fileRef = 9685C23D2FB3997A00DE9E30 /* SessionManager.swift */; };
		9685C2412FB3998C00DE9E30 /* IngredientsChecklistView.swift in Sources */ = {isa = PBXBuildFile; fileRef = 9685C23F2FB3998C00DE9E30 /* IngredientsChecklistView.swift */; };
		9685C2422FB3998C00DE9E30 /* PizzaLogView.swift in Sources */ = {isa = PBXBuildFile; fileRef = 9685C2402FB3998C00DE9E30 /* PizzaLogView.swift */; };
		9685C2442FB3B9E500DE9E30 /* BakeLogDetailView.swift in Sources */ = {isa = PBXBuildFile; fileRef = 9685C2432FB3B9E500DE9E30 /* BakeLogDetailView.swift */; };
		9685C2462FB42C7700DE9E30 /* VolumeConverterView.swift in Sources */ = {isa = PBXBuildFile; fileRef = 9685C2452FB42C7700DE9E30 /* VolumeConverterView.swift */; };
		9685C2482FB42CEA00DE9E30 /* VolumeConversionTable.swift in Sources */ = {isa = PBXBuildFile; fileRef = 9685C2472FB42CEA00DE9E30 /* VolumeConversionTable.swift */; };
		96E1A43A2FB1AA690031BD57 /* FlourBlend.swift in Sources */ = {isa = PBXBuildFile; fileRef = 96E1A4372FB1AA690031BD57 /* FlourBlend.swift */; };
		96E1A43B2FB1AA690031BD57 /* PrefermentRecipe.swift in Sources */ = {isa = PBXBuildFile; fileRef = 96E1A4382FB1AA690031BD57 /* PrefermentRecipe.swift */; };
		96E1A43C2FB1AA690031BD57 /* BakeSetup.swift in Sources */ = {isa = PBXBuildFile; fileRef = 96E1A4362FB1AA690031BD57 /* BakeSetup.swift */; };
		96E1A43D2FB1AA690031BD57 /* ProcessCard.swift in Sources */ = {isa = PBXBuildFile; fileRef = 96E1A4392FB1AA690031BD57 /* ProcessCard.swift */; };
		96E1A4412FB1AAAE0031BD57 /* PostBakeView.swift in Sources */ = {isa = PBXBuildFile; fileRef = 96E1A4402FB1AAAE0031BD57 /* PostBakeView.swift */; };
		96E1A4452FB1AAB80031BD57 /* FlourBlendStepView.swift in Sources */ = {isa = PBXBuildFile; fileRef = 96E1A4432FB1AAB80031BD57 /* FlourBlendStepView.swift */; };
		96E1A4462FB1AAB80031BD57 /* BakeMethodStepView.swift in Sources */ = {isa = PBXBuildFile; fileRef = 96E1A4422FB1AAB80031BD57 /* BakeMethodStepView.swift */; };
		96E1A4472FB1AAB80031BD57 /* ProcessScriptStepView.swift in Sources */ = {isa = PBXBuildFile; fileRef = 96E1A4442FB1AAB80031BD57 /* ProcessScriptStepView.swift */; };
		96F0B0012FB0ED3E008C0EF5 /* Fraunces_72pt-Regular.ttf in Resources */ = {isa = PBXBuildFile; fileRef = 96F0A0012FB0ED3E008C0EF5 /* Fraunces_72pt-Regular.ttf */; };
		96F0B0022FB0ED3E008C0EF5 /* PlusJakartaSans-Light.ttf in Resources */ = {isa = PBXBuildFile; fileRef = 96F0A0022FB0ED3E008C0EF5 /* PlusJakartaSans-Light.ttf */; };
		96F0B0032FB0ED3E008C0EF5 /* PlusJakartaSans-Medium.ttf in Resources */ = {isa = PBXBuildFile; fileRef = 96F0A0032FB0ED3E008C0EF5 /* PlusJakartaSans-Medium.ttf */; };
		96F0B0042FB0ED3E008C0EF5 /* PlusJakartaSans-Regular.ttf in Resources */ = {isa = PBXBuildFile; fileRef = 96F0A0042FB0ED3E008C0EF5 /* PlusJakartaSans-Regular.ttf */; };
		96F0B0052FB0ED3E008C0EF5 /* PlusJakartaSans-SemiBold.ttf in Resources */ = {isa = PBXBuildFile; fileRef = 96F0A0052FB0ED3E008C0EF5 /* PlusJakartaSans-SemiBold.ttf */; };
		96F0D0012FB0ED3E008C0EF5 /* FillerPaper.swift in Sources */ = {isa = PBXBuildFile; fileRef = 96F0D0022FB0ED3E008C0EF5 /* FillerPaper.swift */; };
/* End PBXBuildFile section */

/* Begin PBXFileReference section */
		960B2DB82FB2571800C84017 /* WaterSaltYeastStepView.swift */ = {isa = PBXFileReference; lastKnownFileType = sourcecode.swift; path = WaterSaltYeastStepView.swift; sourceTree = "<group>"; };
		960B2DBA2FB2B0B800C84017 /* SavedPreferment.swift */ = {isa = PBXFileReference; lastKnownFileType = sourcecode.swift; path = SavedPreferment.swift; sourceTree = "<group>"; };
		960B2DBB2FB2B0B800C84017 /* SavedProcess.swift */ = {isa = PBXFileReference; lastKnownFileType = sourcecode.swift; path = SavedProcess.swift; sourceTree = "<group>"; };
		960B2DBE2FB2B0CB00C84017 /* StandaloneBuilders.swift */ = {isa = PBXFileReference; lastKnownFileType = sourcecode.swift; path = StandaloneBuilders.swift; sourceTree = "<group>"; };
		962A5E6F2FB0ED3E008C0EF5 /* Impasto.app */ = {isa = PBXFileReference; explicitFileType = wrapper.application; includeInIndex = 0; path = Impasto.app; sourceTree = BUILT_PRODUCTS_DIR; };
		962A5E822FB0EE14008C0EF5 /* BakeLog.swift */ = {isa = PBXFileReference; lastKnownFileType = sourcecode.swift; name = BakeLog.swift; path = /Users/williamsayo/Documents/impasto/Models/BakeLog.swift; sourceTree = "<absolute>"; };
		962A5E832FB0EE14008C0EF5 /* PreFlightData.swift */ = {isa = PBXFileReference; lastKnownFileType = sourcecode.swift; name = PreFlightData.swift; path = /Users/williamsayo/Documents/impasto/Models/PreFlightData.swift; sourceTree = "<absolute>"; };
		962A5E842FB0EE14008C0EF5 /* Recipe.swift */ = {isa = PBXFileReference; lastKnownFileType = sourcecode.swift; name = Recipe.swift; path = /Users/williamsayo/Documents/impasto/Models/Recipe.swift; sourceTree = "<absolute>"; };
		962A5E852FB0EE14008C0EF5 /* SessionStage.swift */ = {isa = PBXFileReference; lastKnownFileType = sourcecode.swift; name = SessionStage.swift; path = /Users/williamsayo/Documents/impasto/Models/SessionStage.swift; sourceTree = "<absolute>"; };
		962A5E862FB0EE37008C0EF5 /* RecipeStore.swift */ = {isa = PBXFileReference; lastKnownFileType = sourcecode.swift; name = RecipeStore.swift; path = /Users/williamsayo/Documents/impasto/ViewModels/RecipeStore.swift; sourceTree = "<absolute>"; };
		962A5E872FB0EE37008C0EF5 /* SessionViewModel.swift */ = {isa = PBXFileReference; lastKnownFileType = sourcecode.swift; name = SessionViewModel.swift; path = /Users/williamsayo/Documents/impasto/ViewModels/SessionViewModel.swift; sourceTree = "<absolute>"; };
		962A5E882FB0EE52008C0EF5 /* HistoryView.swift */ = {isa = PBXFileReference; lastKnownFileType = sourcecode.swift; name = HistoryView.swift; path = /Users/williamsayo/Documents/impasto/Views/HistoryView.swift; sourceTree = "<absolute>"; };
		962A5E892FB0EE52008C0EF5 /* HomeView.swift */ = {isa = PBXFileReference; lastKnownFileType = sourcecode.swift; name = HomeView.swift; path = /Users/williamsayo/Documents/impasto/Views/HomeView.swift; sourceTree = "<absolute>"; };
		962A5E8A2FB0EE52008C0EF5 /* LibraryView.swift */ = {isa = PBXFileReference; lastKnownFileType = sourcecode.swift; name = LibraryView.swift; path = /Users/williamsayo/Documents/impasto/Views/LibraryView.swift; sourceTree = "<absolute>"; };
		962A5E8B2FB0EE52008C0EF5 /* LiveSessionView.swift */ = {isa = PBXFileReference; lastKnownFileType = sourcecode.swift; name = LiveSessionView.swift; path = /Users/williamsayo/Documents/impasto/Views/LiveSessionView.swift; sourceTree = "<absolute>"; };
		962A5E8C2FB0EE52008C0EF5 /* MainTabView.swift */ = {isa = PBXFileReference; lastKnownFileType = sourcecode.swift; name = MainTabView.swift; path = /Users/williamsayo/Documents/impasto/Views/MainTabView.swift; sourceTree = "<absolute>"; };
		962A5E8D2FB0EE52008C0EF5 /* PreFlightView.swift */ = {isa = PBXFileReference; lastKnownFileType = sourcecode.swift; name = PreFlightView.swift; path = /Users/williamsayo/Documents/impasto/Views/PreFlightView.swift; sourceTree = "<absolute>"; };
		962A5E8E2FB0EE52008C0EF5 /* RecipeDetailView.swift */ = {isa = PBXFileReference; lastKnownFileType = sourcecode.swift; name = RecipeDetailView.swift; path = /Users/williamsayo/Documents/impasto/Views/RecipeDetailView.swift; sourceTree = "<absolute>"; };
		962A5E8F2FB0EE52008C0EF5 /* SessionLogView.swift */ = {isa = PBXFileReference; lastKnownFileType = sourcecode.swift; name = SessionLogView.swift; path = /Users/williamsayo/Documents/impasto/Views/SessionLogView.swift; sourceTree = "<absolute>"; };
		962A5E902FB0EE74008C0EF5 /* ConfirmStepView.swift */ = {isa = PBXFileReference; lastKnownFileType = sourcecode.swift; name = ConfirmStepView.swift; path = /Users/williamsayo/Documents/impasto/Views/Wizard/ConfirmStepView.swift; sourceTree = "<absolute>"; };
		962A5E912FB0EE74008C0EF5 /* FlourStepView.swift */ = {isa = PBXFileReference; lastKnownFileType = sourcecode.swift; name = FlourStepView.swift; path = /Users/williamsayo/Documents/impasto/Views/Wizard/FlourStepView.swift; sourceTree = "<absolute>"; };
		962A5E922FB0EE74008C0EF5 /* MethodStepView.swift */ = {isa = PBXFileReference; lastKnownFileType = sourcecode.swift; name = MethodStepView.swift; path = /Users/williamsayo/Documents/impasto/Views/Wizard/MethodStepView.swift; sourceTree = "<absolute>"; };
		962A5E932FB0EE74008C0EF5 /* StyleStepView.swift */ = {isa = PBXFileReference; lastKnownFileType = sourcecode.swift; name = StyleStepView.swift; path = /Users/williamsayo/Documents/impasto/Views/Wizard/StyleStepView.swift; sourceTree = "<absolute>"; };
		962A5E942FB0EE74008C0EF5 /* TargetStepView.swift */ = {isa = PBXFileReference; lastKnownFileType = sourcecode.swift; name = TargetStepView.swift; path = /Users/williamsayo/Documents/impasto/Views/Wizard/TargetStepView.swift; sourceTree = "<absolute>"; };
		962A5E952FB0EE74008C0EF5 /* TechniqueStepView.swift */ = {isa = PBXFileReference; lastKnownFileType = sourcecode.swift; name = TechniqueStepView.swift; path = /Users/williamsayo/Documents/impasto/Views/Wizard/TechniqueStepView.swift; sourceTree = "<absolute>"; };
		962A5E962FB0EE74008C0EF5 /* TimelineStepView.swift */ = {isa = PBXFileReference; lastKnownFileType = sourcecode.swift; name = TimelineStepView.swift; path = /Users/williamsayo/Documents/impasto/Views/Wizard/TimelineStepView.swift; sourceTree = "<absolute>"; };
		962A5E972FB0EE74008C0EF5 /* WizardContainerView.swift */ = {isa = PBXFileReference; lastKnownFileType = sourcecode.swift; name = WizardContainerView.swift; path = /Users/williamsayo/Documents/impasto/Views/Wizard/WizardContainerView.swift; sourceTree = "<absolute>"; };
		962A5E982FB0EE74008C0EF5 /* WizardProgressView.swift */ = {isa = PBXFileReference; lastKnownFileType = sourcecode.swift; name = WizardProgressView.swift; path = /Users/williamsayo/Documents/impasto/Views/Wizard/WizardProgressView.swift; sourceTree = "<absolute>"; };
		962A5E992FB0EE90008C0EF5 /* ImpastoStyle.swift */ = {isa = PBXFileReference; lastKnownFileType = sourcecode.swift; name = ImpastoStyle.swift; path = /Users/williamsayo/Documents/impasto/Shared/ImpastoStyle.swift; sourceTree = "<absolute>"; };
		962A5E9A2FB0EF51008C0EF5 /* ImpastoApp.swift */ = {isa = PBXFileReference; lastKnownFileType = sourcecode.swift; name = ImpastoApp.swift; path = /Users/williamsayo/Documents/impasto/ImpastoApp.swift; sourceTree = "<absolute>"; };
		9670CAEA2FBC25D0009EE043 /* ImportRecipeView.swift */ = {isa = PBXFileReference; lastKnownFileType = sourcecode.swift; path = ImportRecipeView.swift; sourceTree = "<group>"; };
		9685C23D2FB3997A00DE9E30 /* SessionManager.swift */ = {isa = PBXFileReference; lastKnownFileType = sourcecode.swift; path = SessionManager.swift; sourceTree = "<group>"; };
		9685C23F2FB3998C00DE9E30 /* IngredientsChecklistView.swift */ = {isa = PBXFileReference; lastKnownFileType = sourcecode.swift; path = IngredientsChecklistView.swift; sourceTree = "<group>"; };
		9685C2402FB3998C00DE9E30 /* PizzaLogView.swift */ = {isa = PBXFileReference; lastKnownFileType = sourcecode.swift; path = PizzaLogView.swift; sourceTree = "<group>"; };
		9685C2432FB3B9E500DE9E30 /* BakeLogDetailView.swift */ = {isa = PBXFileReference; lastKnownFileType = sourcecode.swift; path = BakeLogDetailView.swift; sourceTree = "<group>"; };
		9685C2452FB42C7700DE9E30 /* VolumeConverterView.swift */ = {isa = PBXFileReference; lastKnownFileType = sourcecode.swift; path = VolumeConverterView.swift; sourceTree = "<group>"; };
		9685C2472FB42CEA00DE9E30 /* VolumeConversionTable.swift */ = {isa = PBXFileReference; lastKnownFileType = sourcecode.swift; path = VolumeConversionTable.swift; sourceTree = "<group>"; };
		96E1A4362FB1AA690031BD57 /* BakeSetup.swift */ = {isa = PBXFileReference; lastKnownFileType = sourcecode.swift; path = BakeSetup.swift; sourceTree = "<group>"; };
		96E1A4372FB1AA690031BD57 /* FlourBlend.swift */ = {isa = PBXFileReference; lastKnownFileType = sourcecode.swift; path = FlourBlend.swift; sourceTree = "<group>"; };
		96E1A4382FB1AA690031BD57 /* PrefermentRecipe.swift */ = {isa = PBXFileReference; lastKnownFileType = sourcecode.swift; path = PrefermentRecipe.swift; sourceTree = "<group>"; };
		96E1A4392FB1AA690031BD57 /* ProcessCard.swift */ = {isa = PBXFileReference; lastKnownFileType = sourcecode.swift; path = ProcessCard.swift; sourceTree = "<group>"; };
		96E1A4402FB1AAAE0031BD57 /* PostBakeView.swift */ = {isa = PBXFileReference; lastKnownFileType = sourcecode.swift; path = PostBakeView.swift; sourceTree = "<group>"; };
		96E1A4422FB1AAB80031BD57 /* BakeMethodStepView.swift */ = {isa = PBXFileReference; lastKnownFileType = sourcecode.swift; path = BakeMethodStepView.swift; sourceTree = "<group>"; };
		96E1A4432FB1AAB80031BD57 /* FlourBlendStepView.swift */ = {isa = PBXFileReference; lastKnownFileType = sourcecode.swift; path = FlourBlendStepView.swift; sourceTree = "<group>"; };
		96E1A4442FB1AAB80031BD57 /* ProcessScriptStepView.swift */ = {isa = PBXFileReference; lastKnownFileType = sourcecode.swift; path = ProcessScriptStepView.swift; sourceTree = "<group>"; };
		96F0A0012FB0ED3E008C0EF5 /* Fraunces_72pt-Regular.ttf */ = {isa = PBXFileReference; lastKnownFileType = file; name = "Fraunces_72pt-Regular.ttf"; path = "/Users/williamsayo/Documents/impasto/Fonts/Fraunces_72pt-Regular.ttf"; sourceTree = "<absolute>"; };
		96F0A0022FB0ED3E008C0EF5 /* PlusJakartaSans-Light.ttf */ = {isa = PBXFileReference; lastKnownFileType = file; name = "PlusJakartaSans-Light.ttf"; path = "/Users/williamsayo/Documents/impasto/Fonts/PlusJakartaSans-Light.ttf"; sourceTree = "<absolute>"; };
		96F0A0032FB0ED3E008C0EF5 /* PlusJakartaSans-Medium.ttf */ = {isa = PBXFileReference; lastKnownFileType = file; name = "PlusJakartaSans-Medium.ttf"; path = "/Users/williamsayo/Documents/impasto/Fonts/PlusJakartaSans-Medium.ttf"; sourceTree = "<absolute>"; };
		96F0A0042FB0ED3E008C0EF5 /* PlusJakartaSans-Regular.ttf */ = {isa = PBXFileReference; lastKnownFileType = file; name = "PlusJakartaSans-Regular.ttf"; path = "/Users/williamsayo/Documents/impasto/Fonts/PlusJakartaSans-Regular.ttf"; sourceTree = "<absolute>"; };
		96F0A0052FB0ED3E008C0EF5 /* PlusJakartaSans-SemiBold.ttf */ = {isa = PBXFileReference; lastKnownFileType = file; name = "PlusJakartaSans-SemiBold.ttf"; path = "/Users/williamsayo/Documents/impasto/Fonts/PlusJakartaSans-SemiBold.ttf"; sourceTree = "<absolute>"; };
		96F0D0022FB0ED3E008C0EF5 /* FillerPaper.swift */ = {isa = PBXFileReference; lastKnownFileType = sourcecode.swift; name = FillerPaper.swift; path = /Users/williamsayo/Documents/impasto/Shared/FillerPaper.swift; sourceTree = "<absolute>"; };
/* End PBXFileReference section */

/* Begin PBXFileSystemSynchronizedRootGroup section */
		962A5E712FB0ED3E008C0EF5 /* Impasto */ = {
			isa = PBXFileSystemSynchronizedRootGroup;
			path = Impasto;
			sourceTree = "<group>";
		};
/* End PBXFileSystemSynchronizedRootGroup section */

/* Begin PBXFrameworksBuildPhase section */
		962A5E6C2FB0ED3E008C0EF5 /* Frameworks */ = {
			isa = PBXFrameworksBuildPhase;
			buildActionMask = 2147483647;
			files = (
			);
			runOnlyForDeploymentPostprocessing = 0;
		};
/* End PBXFrameworksBuildPhase section */

/* Begin PBXGroup section */
		962A5E662FB0ED3E008C0EF5 = {
			isa = PBXGroup;
			children = (
				962A5E9A2FB0EF51008C0EF5 /* ImpastoApp.swift */,
				96F0C0012FB0ED3E008C0EF5 /* Fonts */,
				962A5E802FB0ED97008C0EF5 /* Shared */,
				962A5E7F2FB0ED8A008C0EF5 /* Views */,
				962A5E7E2FB0ED82008C0EF5 /* ViewModels */,
				962A5E7D2FB0ED76008C0EF5 /* Models */,
				962A5E712FB0ED3E008C0EF5 /* Impasto */,
				962A5E702FB0ED3E008C0EF5 /* Products */,
			);
			sourceTree = "<group>";
		};
		962A5E702FB0ED3E008C0EF5 /* Products */ = {
			isa = PBXGroup;
			children = (
				962A5E6F2FB0ED3E008C0EF5 /* Impasto.app */,
			);
			name = Products;
			sourceTree = "<group>";
		};
		962A5E7D2FB0ED76008C0EF5 /* Models */ = {
			isa = PBXGroup;
			children = (
				960B2DBA2FB2B0B800C84017 /* SavedPreferment.swift */,
				960B2DBB2FB2B0B800C84017 /* SavedProcess.swift */,
				96E1A4362FB1AA690031BD57 /* BakeSetup.swift */,
				96E1A4372FB1AA690031BD57 /* FlourBlend.swift */,
				96E1A4382FB1AA690031BD57 /* PrefermentRecipe.swift */,
				96E1A4392FB1AA690031BD57 /* ProcessCard.swift */,
				962A5E822FB0EE14008C0EF5 /* BakeLog.swift */,
				962A5E832FB0EE14008C0EF5 /* PreFlightData.swift */,
				962A5E842FB0EE14008C0EF5 /* Recipe.swift */,
				962A5E852FB0EE14008C0EF5 /* SessionStage.swift */,
			);
			path = Models;
			sourceTree = "<group>";
		};
		962A5E7E2FB0ED82008C0EF5 /* ViewModels */ = {
			isa = PBXGroup;
			children = (
				9685C23D2FB3997A00DE9E30 /* SessionManager.swift */,
				962A5E862FB0EE37008C0EF5 /* RecipeStore.swift */,
				962A5E872FB0EE37008C0EF5 /* SessionViewModel.swift */,
			);
			path = ViewModels;
			sourceTree = "<group>";
		};
		962A5E7F2FB0ED8A008C0EF5 /* Views */ = {
			isa = PBXGroup;
			children = (
				9670CAEA2FBC25D0009EE043 /* ImportRecipeView.swift */,
				9685C2452FB42C7700DE9E30 /* VolumeConverterView.swift */,
				9685C2432FB3B9E500DE9E30 /* BakeLogDetailView.swift */,
				9685C23F2FB3998C00DE9E30 /* IngredientsChecklistView.swift */,
				9685C2402FB3998C00DE9E30 /* PizzaLogView.swift */,
				960B2DBE2FB2B0CB00C84017 /* StandaloneBuilders.swift */,
				96E1A4402FB1AAAE0031BD57 /* PostBakeView.swift */,
				962A5E882FB0EE52008C0EF5 /* HistoryView.swift */,
				962A5E892FB0EE52008C0EF5 /* HomeView.swift */,
				962A5E8A2FB0EE52008C0EF5 /* LibraryView.swift */,
				962A5E8B2FB0EE52008C0EF5 /* LiveSessionView.swift */,
				962A5E8C2FB0EE52008C0EF5 /* MainTabView.swift */,
				962A5E8D2FB0EE52008C0EF5 /* PreFlightView.swift */,
				962A5E8E2FB0EE52008C0EF5 /* RecipeDetailView.swift */,
				962A5E8F2FB0EE52008C0EF5 /* SessionLogView.swift */,
				962A5E812FB0EDA2008C0EF5 /* Wizard */,
			);
			path = Views;
			sourceTree = "<group>";
		};
		962A5E802FB0ED97008C0EF5 /* Shared */ = {
			isa = PBXGroup;
			children = (
				96F0D0022FB0ED3E008C0EF5 /* FillerPaper.swift */,
				9685C2472FB42CEA00DE9E30 /* VolumeConversionTable.swift */,
				962A5E992FB0EE90008C0EF5 /* ImpastoStyle.swift */,
			);
			path = Shared;
			sourceTree = "<group>";
		};
		962A5E812FB0EDA2008C0EF5 /* Wizard */ = {
			isa = PBXGroup;
			children = (
				960B2DB82FB2571800C84017 /* WaterSaltYeastStepView.swift */,
				96E1A4422FB1AAB80031BD57 /* BakeMethodStepView.swift */,
				96E1A4432FB1AAB80031BD57 /* FlourBlendStepView.swift */,
				96E1A4442FB1AAB80031BD57 /* ProcessScriptStepView.swift */,
				962A5E902FB0EE74008C0EF5 /* ConfirmStepView.swift */,
				962A5E912FB0EE74008C0EF5 /* FlourStepView.swift */,
				962A5E922FB0EE74008C0EF5 /* MethodStepView.swift */,
				962A5E932FB0EE74008C0EF5 /* StyleStepView.swift */,
				962A5E942FB0EE74008C0EF5 /* TargetStepView.swift */,
				962A5E952FB0EE74008C0EF5 /* TechniqueStepView.swift */,
				962A5E962FB0EE74008C0EF5 /* TimelineStepView.swift */,
				962A5E972FB0EE74008C0EF5 /* WizardContainerView.swift */,
				962A5E982FB0EE74008C0EF5 /* WizardProgressView.swift */,
			);
			path = Wizard;
			sourceTree = "<group>";
		};
		96F0C0012FB0ED3E008C0EF5 /* Fonts */ = {
			isa = PBXGroup;
			children = (
				96F0A0012FB0ED3E008C0EF5 /* Fraunces_72pt-Regular.ttf */,
				96F0A0022FB0ED3E008C0EF5 /* PlusJakartaSans-Light.ttf */,
				96F0A0032FB0ED3E008C0EF5 /* PlusJakartaSans-Medium.ttf */,
				96F0A0042FB0ED3E008C0EF5 /* PlusJakartaSans-Regular.ttf */,
				96F0A0052FB0ED3E008C0EF5 /* PlusJakartaSans-SemiBold.ttf */,
			);
			path = Fonts;
			sourceTree = "<group>";
		};
/* End PBXGroup section */

/* Begin PBXNativeTarget section */
		962A5E6E2FB0ED3E008C0EF5 /* Impasto */ = {
			isa = PBXNativeTarget;
			buildConfigurationList = 962A5E7A2FB0ED3F008C0EF5 /* Build configuration list for PBXNativeTarget "Impasto" */;
			buildPhases = (
				962A5E6B2FB0ED3E008C0EF5 /* Sources */,
				962A5E6C2FB0ED3E008C0EF5 /* Frameworks */,
				962A5E6D2FB0ED3E008C0EF5 /* Resources */,
			);
			buildRules = (
			);
			dependencies = (
			);
			fileSystemSynchronizedGroups = (
				962A5E712FB0ED3E008C0EF5 /* Impasto */,
			);
			name = Impasto;
			packageProductDependencies = (
			);
			productName = Impasto;
			productReference = 962A5E6F2FB0ED3E008C0EF5 /* Impasto.app */;
			productType = "com.apple.product-type.application";
		};
/* End PBXNativeTarget section */

/* Begin PBXProject section */
		962A5E672FB0ED3E008C0EF5 /* Project object */ = {
			isa = PBXProject;
			attributes = {
				BuildIndependentTargetsInParallel = 1;
				LastSwiftUpdateCheck = 2640;
				LastUpgradeCheck = 2650;
				TargetAttributes = {
					962A5E6E2FB0ED3E008C0EF5 = {
						CreatedOnToolsVersion = 26.4.1;
					};
				};
			};
			buildConfigurationList = 962A5E6A2FB0ED3E008C0EF5 /* Build configuration list for PBXProject "Impasto" */;
			developmentRegion = en;
			hasScannedForEncodings = 0;
			knownRegions = (
				en,
				Base,
			);
			mainGroup = 962A5E662FB0ED3E008C0EF5;
			minimizedProjectReferenceProxies = 1;
			preferredProjectObjectVersion = 77;
			productRefGroup = 962A5E702FB0ED3E008C0EF5 /* Products */;
			projectDirPath = "";
			projectRoot = "";
			targets = (
				962A5E6E2FB0ED3E008C0EF5 /* Impasto */,
			);
		};
/* End PBXProject section */

/* Begin PBXResourcesBuildPhase section */
		962A5E6D2FB0ED3E008C0EF5 /* Resources */ = {
			isa = PBXResourcesBuildPhase;
			buildActionMask = 2147483647;
			files = (
				96F0B0012FB0ED3E008C0EF5 /* Fraunces_72pt-Regular.ttf in Resources */,
				96F0B0022FB0ED3E008C0EF5 /* PlusJakartaSans-Light.ttf in Resources */,
				96F0B0032FB0ED3E008C0EF5 /* PlusJakartaSans-Medium.ttf in Resources */,
				96F0B0042FB0ED3E008C0EF5 /* PlusJakartaSans-Regular.ttf in Resources */,
				96F0B0052FB0ED3E008C0EF5 /* PlusJakartaSans-SemiBold.ttf in Resources */,
			);
			runOnlyForDeploymentPostprocessing = 0;
		};
/* End PBXResourcesBuildPhase section */

/* Begin PBXSourcesBuildPhase section */
		962A5E6B2FB0ED3E008C0EF5 /* Sources */ = {
			isa = PBXSourcesBuildPhase;
			buildActionMask = 2147483647;
			files = (
				962A5EA62FB0F0E1008C0EF5 /* SessionLogView.swift in Sources */,
				962A5EA12FB0F09E008C0EF5 /* LibraryView.swift in Sources */,
				962A5E9B2FB0EF51008C0EF5 /* ImpastoApp.swift in Sources */,
				962A5EA32FB0F0A9008C0EF5 /* MainTabView.swift in Sources */,
				96E1A43A2FB1AA690031BD57 /* FlourBlend.swift in Sources */,
				96E1A43B2FB1AA690031BD57 /* PrefermentRecipe.swift in Sources */,
				96E1A43C2FB1AA690031BD57 /* BakeSetup.swift in Sources */,
				96E1A4452FB1AAB80031BD57 /* FlourBlendStepView.swift in Sources */,
				96E1A4462FB1AAB80031BD57 /* BakeMethodStepView.swift in Sources */,
				96E1A4472FB1AAB80031BD57 /* ProcessScriptStepView.swift in Sources */,
				96E1A43D2FB1AA690031BD57 /* ProcessCard.swift in Sources */,
				962A5EAD2FB0F105008C0EF5 /* TimelineStepView.swift in Sources */,
				962A5E9D2FB0F082008C0EF5 /* SessionViewModel.swift in Sources */,
				962A5EAC2FB0F100008C0EF5 /* TechniqueStepView.swift in Sources */,
				962A5EA92FB0F0F0008C0EF5 /* MethodStepView.swift in Sources */,
				962A5EAB2FB0F0FB008C0EF5 /* TargetStepView.swift in Sources */,
				960B2DBF2FB2B0CB00C84017 /* StandaloneBuilders.swift in Sources */,
				962A5EB02FB0F166008C0EF5 /* BakeLog.swift in Sources */,
				962A5EAA2FB0F0F5008C0EF5 /* StyleStepView.swift in Sources */,
				962A5EB12FB0F16B008C0EF5 /* PreFlightData.swift in Sources */,
				962A5EA42FB0F0AF008C0EF5 /* PreFlightView.swift in Sources */,
				962A5E9F2FB0F091008C0EF5 /* HistoryView.swift in Sources */,
				9685C23E2FB3997A00DE9E30 /* SessionManager.swift in Sources */,
				962A5EA02FB0F097008C0EF5 /* HomeView.swift in Sources */,
				962A5EB22FB0F171008C0EF5 /* Recipe.swift in Sources */,
				962A5EA52FB0F0DB008C0EF5 /* RecipeDetailView.swift in Sources */,
				962A5EB32FB0F177008C0EF5 /* SessionStage.swift in Sources */,
				960B2DBC2FB2B0B800C84017 /* SavedProcess.swift in Sources */,
				9670CAEB2FBC25D0009EE043 /* ImportRecipeView.swift in Sources */,
				960B2DBD2FB2B0B800C84017 /* SavedPreferment.swift in Sources */,
				962A5E9C2FB0F07C008C0EF5 /* RecipeStore.swift in Sources */,
				9685C2482FB42CEA00DE9E30 /* VolumeConversionTable.swift in Sources */,
				96E1A4412FB1AAAE0031BD57 /* PostBakeView.swift in Sources */,
				960B2DB92FB2571800C84017 /* WaterSaltYeastStepView.swift in Sources */,
				962A5EAF2FB0F15C008C0EF5 /* WizardProgressView.swift in Sources */,
				962A5E9E2FB0F08B008C0EF5 /* ImpastoStyle.swift in Sources */,
				96F0D0012FB0ED3E008C0EF5 /* FillerPaper.swift in Sources */,
				962A5EA72FB0F0E6008C0EF5 /* ConfirmStepView.swift in Sources */,
				9685C2442FB3B9E500DE9E30 /* BakeLogDetailView.swift in Sources */,
				962A5EA22FB0F0A4008C0EF5 /* LiveSessionView.swift in Sources */,
				962A5EA82FB0F0EC008C0EF5 /* FlourStepView.swift in Sources */,
				962A5EAE2FB0F137008C0EF5 /* WizardContainerView.swift in Sources */,
				9685C2462FB42C7700DE9E30 /* VolumeConverterView.swift in Sources */,
				9685C2412FB3998C00DE9E30 /* IngredientsChecklistView.swift in Sources */,
				9685C2422FB3998C00DE9E30 /* PizzaLogView.swift in Sources */,
			);
			runOnlyForDeploymentPostprocessing = 0;
		};
/* End PBXSourcesBuildPhase section */

/* Begin XCBuildConfiguration section */
		962A5E782FB0ED3F008C0EF5 /* Debug */ = {
			isa = XCBuildConfiguration;
			buildSettings = {
				ALWAYS_SEARCH_USER_PATHS = NO;
				ASSETCATALOG_COMPILER_GENERATE_SWIFT_ASSET_SYMBOL_EXTENSIONS = YES;
				CLANG_ANALYZER_NONNULL = YES;
				CLANG_ANALYZER_NUMBER_OBJECT_CONVERSION = YES_AGGRESSIVE;
				CLANG_CXX_LANGUAGE_STANDARD = "gnu++20";
				CLANG_ENABLE_MODULES = YES;
				CLANG_ENABLE_OBJC_ARC = YES;
				CLANG_ENABLE_OBJC_WEAK = YES;
				CLANG_WARN_BLOCK_CAPTURE_AUTORELEASING = YES;
				CLANG_WARN_BOOL_CONVERSION = YES;
				CLANG_WARN_COMMA = YES;
				CLANG_WARN_CONSTANT_CONVERSION = YES;
				CLANG_WARN_DEPRECATED_OBJC_IMPLEMENTATIONS = YES;
				CLANG_WARN_DIRECT_OBJC_ISA_USAGE = YES_ERROR;
				CLANG_WARN_DOCUMENTATION_COMMENTS = YES;
				CLANG_WARN_EMPTY_BODY = YES;
				CLANG_WARN_ENUM_CONVERSION = YES;
				CLANG_WARN_INFINITE_RECURSION = YES;
				CLANG_WARN_INT_CONVERSION = YES;
				CLANG_WARN_NON_LITERAL_NULL_CONVERSION = YES;
				CLANG_WARN_OBJC_IMPLICIT_RETAIN_SELF = YES;
				CLANG_WARN_OBJC_LITERAL_CONVERSION = YES;
				CLANG_WARN_OBJC_ROOT_CLASS = YES_ERROR;
				CLANG_WARN_QUOTED_INCLUDE_IN_FRAMEWORK_HEADER = YES;
				CLANG_WARN_RANGE_LOOP_ANALYSIS = YES;
				CLANG_WARN_STRICT_PROTOTYPES = YES;
				CLANG_WARN_SUSPICIOUS_MOVE = YES;
				CLANG_WARN_UNGUARDED_AVAILABILITY = YES_AGGRESSIVE;
				CLANG_WARN_UNREACHABLE_CODE = YES;
				CLANG_WARN__DUPLICATE_METHOD_MATCH = YES;
				COPY_PHASE_STRIP = NO;
				DEBUG_INFORMATION_FORMAT = dwarf;
				DEVELOPMENT_TEAM = 24FCMTYXR8;
				ENABLE_STRICT_OBJC_MSGSEND = YES;
				ENABLE_TESTABILITY = YES;
				ENABLE_USER_SCRIPT_SANDBOXING = YES;
				GCC_C_LANGUAGE_STANDARD = gnu17;
				GCC_DYNAMIC_NO_PIC = NO;
				GCC_NO_COMMON_BLOCKS = YES;
				GCC_OPTIMIZATION_LEVEL = 0;
				GCC_PREPROCESSOR_DEFINITIONS = (
					"DEBUG=1",
					"$(inherited)",
				);
				GCC_WARN_64_TO_32_BIT_CONVERSION = YES;
				GCC_WARN_ABOUT_RETURN_TYPE = YES_ERROR;
				GCC_WARN_UNDECLARED_SELECTOR = YES;
				GCC_WARN_UNINITIALIZED_AUTOS = YES_AGGRESSIVE;
				GCC_WARN_UNUSED_FUNCTION = YES;
				GCC_WARN_UNUSED_VARIABLE = YES;
				IPHONEOS_DEPLOYMENT_TARGET = 26.4;
				LOCALIZATION_PREFERS_STRING_CATALOGS = YES;
				MTL_ENABLE_DEBUG_INFO = INCLUDE_SOURCE;
				MTL_FAST_MATH = YES;
				ONLY_ACTIVE_ARCH = YES;
				SDKROOT = iphoneos;
				STRING_CATALOG_GENERATE_SYMBOLS = YES;
				SWIFT_ACTIVE_COMPILATION_CONDITIONS = "DEBUG $(inherited)";
				SWIFT_OPTIMIZATION_LEVEL = "-Onone";
			};
			name = Debug;
		};
		962A5E792FB0ED3F008C0EF5 /* Release */ = {
			isa = XCBuildConfiguration;
			buildSettings = {
				ALWAYS_SEARCH_USER_PATHS = NO;
				ASSETCATALOG_COMPILER_GENERATE_SWIFT_ASSET_SYMBOL_EXTENSIONS = YES;
				CLANG_ANALYZER_NONNULL = YES;
				CLANG_ANALYZER_NUMBER_OBJECT_CONVERSION = YES_AGGRESSIVE;
				CLANG_CXX_LANGUAGE_STANDARD = "gnu++20";
				CLANG_ENABLE_MODULES = YES;
				CLANG_ENABLE_OBJC_ARC = YES;
				CLANG_ENABLE_OBJC_WEAK = YES;
				CLANG_WARN_BLOCK_CAPTURE_AUTORELEASING = YES;
				CLANG_WARN_BOOL_CONVERSION = YES;
				CLANG_WARN_COMMA = YES;
				CLANG_WARN_CONSTANT_CONVERSION = YES;
				CLANG_WARN_DEPRECATED_OBJC_IMPLEMENTATIONS = YES;
				CLANG_WARN_DIRECT_OBJC_ISA_USAGE = YES_ERROR;
				CLANG_WARN_DOCUMENTATION_COMMENTS = YES;
				CLANG_WARN_EMPTY_BODY = YES;
				CLANG_WARN_ENUM_CONVERSION = YES;
				CLANG_WARN_INFINITE_RECURSION = YES;
				CLANG_WARN_INT_CONVERSION = YES;
				CLANG_WARN_NON_LITERAL_NULL_CONVERSION = YES;
				CLANG_WARN_OBJC_IMPLICIT_RETAIN_SELF = YES;
				CLANG_WARN_OBJC_LITERAL_CONVERSION = YES;
				CLANG_WARN_OBJC_ROOT_CLASS = YES_ERROR;
				CLANG_WARN_QUOTED_INCLUDE_IN_FRAMEWORK_HEADER = YES;
				CLANG_WARN_RANGE_LOOP_ANALYSIS = YES;
				CLANG_WARN_STRICT_PROTOTYPES = YES;
				CLANG_WARN_SUSPICIOUS_MOVE = YES;
				CLANG_WARN_UNGUARDED_AVAILABILITY = YES_AGGRESSIVE;
				CLANG_WARN_UNREACHABLE_CODE = YES;
				CLANG_WARN__DUPLICATE_METHOD_MATCH = YES;
				COPY_PHASE_STRIP = NO;
				DEBUG_INFORMATION_FORMAT = "dwarf-with-dsym";
				DEVELOPMENT_TEAM = 24FCMTYXR8;
				ENABLE_NS_ASSERTIONS = NO;
				ENABLE_STRICT_OBJC_MSGSEND = YES;
				ENABLE_USER_SCRIPT_SANDBOXING = YES;
				GCC_C_LANGUAGE_STANDARD = gnu17;
				GCC_NO_COMMON_BLOCKS = YES;
				GCC_WARN_64_TO_32_BIT_CONVERSION = YES;
				GCC_WARN_ABOUT_RETURN_TYPE = YES_ERROR;
				GCC_WARN_UNDECLARED_SELECTOR = YES;
				GCC_WARN_UNINITIALIZED_AUTOS = YES_AGGRESSIVE;
				GCC_WARN_UNUSED_FUNCTION = YES;
				GCC_WARN_UNUSED_VARIABLE = YES;
				IPHONEOS_DEPLOYMENT_TARGET = 26.4;
				LOCALIZATION_PREFERS_STRING_CATALOGS = YES;
				MTL_ENABLE_DEBUG_INFO = NO;
				MTL_FAST_MATH = YES;
				SDKROOT = iphoneos;
				STRING_CATALOG_GENERATE_SYMBOLS = YES;
				SWIFT_COMPILATION_MODE = wholemodule;
				VALIDATE_PRODUCT = YES;
			};
			name = Release;
		};
		962A5E7B2FB0ED3F008C0EF5 /* Debug */ = {
			isa = XCBuildConfiguration;
			buildSettings = {
				ASSETCATALOG_COMPILER_APPICON_NAME = AppIcon;
				ASSETCATALOG_COMPILER_GLOBAL_ACCENT_COLOR_NAME = AccentColor;
				CODE_SIGN_STYLE = Automatic;
				CURRENT_PROJECT_VERSION = 1;
				ENABLE_PREVIEWS = YES;
				GENERATE_INFOPLIST_FILE = YES;
				INFOPLIST_KEY_UIAppFonts = "Fraunces_72pt-Regular.ttf PlusJakartaSans-Light.ttf PlusJakartaSans-Medium.ttf PlusJakartaSans-Regular.ttf PlusJakartaSans-SemiBold.ttf";
				INFOPLIST_KEY_UIApplicationSceneManifest_Generation = YES;
				INFOPLIST_KEY_UIApplicationSupportsIndirectInputEvents = YES;
				INFOPLIST_KEY_UILaunchScreen_Generation = YES;
				INFOPLIST_KEY_UISupportedInterfaceOrientations_iPad = "UIInterfaceOrientationPortrait UIInterfaceOrientationPortraitUpsideDown UIInterfaceOrientationLandscapeLeft UIInterfaceOrientationLandscapeRight";
				INFOPLIST_KEY_UISupportedInterfaceOrientations_iPhone = "UIInterfaceOrientationPortrait UIInterfaceOrientationLandscapeLeft UIInterfaceOrientationLandscapeRight";
				LD_RUNPATH_SEARCH_PATHS = (
					"$(inherited)",
					"@executable_path/Frameworks",
				);
				MARKETING_VERSION = 1.0;
				PRODUCT_BUNDLE_IDENTIFIER = perfectlygoodpizza.Impasto;
				PRODUCT_NAME = "$(TARGET_NAME)";
				STRING_CATALOG_GENERATE_SYMBOLS = YES;
				SWIFT_APPROACHABLE_CONCURRENCY = YES;
				SWIFT_DEFAULT_ACTOR_ISOLATION = MainActor;
				SWIFT_EMIT_LOC_STRINGS = YES;
				SWIFT_UPCOMING_FEATURE_MEMBER_IMPORT_VISIBILITY = YES;
				SWIFT_VERSION = 5.0;
				TARGETED_DEVICE_FAMILY = "1,2";
			};
			name = Debug;
		};
		962A5E7C2FB0ED3F008C0EF5 /* Release */ = {
			isa = XCBuildConfiguration;
			buildSettings = {
				ASSETCATALOG_COMPILER_APPICON_NAME = AppIcon;
				ASSETCATALOG_COMPILER_GLOBAL_ACCENT_COLOR_NAME = AccentColor;
				CODE_SIGN_STYLE = Automatic;
				CURRENT_PROJECT_VERSION = 1;
				ENABLE_PREVIEWS = YES;
				GENERATE_INFOPLIST_FILE = YES;
				INFOPLIST_KEY_UIAppFonts = "Fraunces_72pt-Regular.ttf PlusJakartaSans-Light.ttf PlusJakartaSans-Medium.ttf PlusJakartaSans-Regular.ttf PlusJakartaSans-SemiBold.ttf";
				INFOPLIST_KEY_UIApplicationSceneManifest_Generation = YES;
				INFOPLIST_KEY_UIApplicationSupportsIndirectInputEvents = YES;
				INFOPLIST_KEY_UILaunchScreen_Generation = YES;
				INFOPLIST_KEY_UISupportedInterfaceOrientations_iPad = "UIInterfaceOrientationPortrait UIInterfaceOrientationPortraitUpsideDown UIInterfaceOrientationLandscapeLeft UIInterfaceOrientationLandscapeRight";
				INFOPLIST_KEY_UISupportedInterfaceOrientations_iPhone = "UIInterfaceOrientationPortrait UIInterfaceOrientationLandscapeLeft UIInterfaceOrientationLandscapeRight";
				LD_RUNPATH_SEARCH_PATHS = (
					"$(inherited)",
					"@executable_path/Frameworks",
				);
				MARKETING_VERSION = 1.0;
				PRODUCT_BUNDLE_IDENTIFIER = perfectlygoodpizza.Impasto;
				PRODUCT_NAME = "$(TARGET_NAME)";
				STRING_CATALOG_GENERATE_SYMBOLS = YES;
				SWIFT_APPROACHABLE_CONCURRENCY = YES;
				SWIFT_DEFAULT_ACTOR_ISOLATION = MainActor;
				SWIFT_EMIT_LOC_STRINGS = YES;
				SWIFT_UPCOMING_FEATURE_MEMBER_IMPORT_VISIBILITY = YES;
				SWIFT_VERSION = 5.0;
				TARGETED_DEVICE_FAMILY = "1,2";
			};
			name = Release;
		};
/* End XCBuildConfiguration section */

/* Begin XCConfigurationList section */
		962A5E6A2FB0ED3E008C0EF5 /* Build configuration list for PBXProject "Impasto" */ = {
			isa = XCConfigurationList;
			buildConfigurations = (
				962A5E782FB0ED3F008C0EF5 /* Debug */,
				962A5E792FB0ED3F008C0EF5 /* Release */,
			);
			defaultConfigurationIsVisible = 0;
			defaultConfigurationName = Release;
		};
		962A5E7A2FB0ED3F008C0EF5 /* Build configuration list for PBXNativeTarget "Impasto" */ = {
			isa = XCConfigurationList;
			buildConfigurations = (
				962A5E7B2FB0ED3F008C0EF5 /* Debug */,
				962A5E7C2FB0ED3F008C0EF5 /* Release */,
			);
			defaultConfigurationIsVisible = 0;
			defaultConfigurationName = Release;
		};
/* End XCConfigurationList section */
	};
	rootObject = 962A5E672FB0ED3E008C0EF5 /* Project object */;
}
